
Microsoft Visual Studio Solution File, Format Version 12.00
# Visual Studio Version 17
VisualStudioVersion = 17.12.35527.113 d17.12
MinimumVisualStudioVersion = 10.0.40219.1
Project("{FAE04EC0-301F-11D3-BF4B-00C04F79EFBC}") = "ServerApp", "Client_Server\ServerApp.csproj", "{1DBC1817-DBBC-49B1-9D04-1D440C37A88D}"
EndProject
Project("{FAE04EC0-301F-11D3-BF4B-00C04F79EFBC}") = "ClientApp", "ClientApp\ClientApp.csproj", "{1160EEFE-B58F-4F82-9D01-1E9F0964F974}"
EndProject
Global
	GlobalSection(SolutionConfigurationPlatforms) = preSolution
		Debug|Any CPU = Debug|Any CPU
		Release|Any CPU = Release|Any CPU
	EndGlobalSection
	GlobalSection(ProjectConfigurationPlatforms) = postSolution
		{1DBC1817-DBBC-49B1-9D04-1D440C37A88D}.Debug|Any CPU.ActiveCfg = Debug|Any CPU
		{1DBC1817-DBBC-49B1-9D04-1D440C37A88D}.Debug|Any CPU.Build.0 = Debug|Any CPU
		{1DBC1817-DBBC-49B1-9D04-1D440C37A88D}.Release|Any CPU.ActiveCfg = Release|Any CPU
		{1DBC1817-DBBC-49B1-9D04-1D440C37A88D}.Release|Any CPU.Build.0 = Release|Any CPU
		{1160EEFE-B58F-4F82-9D01-1E9F0964F974}.Debug|Any CPU.ActiveCfg = Debug|Any CPU
		{1160EEFE-B58F-4F82-9D01-1E9F0964F974}.Debug|Any CPU.Build.0 = Debug|Any CPU
		{1160EEFE-B58F-4F82-9D01-1E9F0964F974}.Release|Any CPU.ActiveCfg = Release|Any CPU
		{1160EEFE-B58F-4F82-9D01-1E9F0964F974}.Release|Any CPU.Build.0 = Release|Any CPU
	EndGlobalSection
	GlobalSection(SolutionProperties) = preSolution
		HideSolutionNode = FALSE
	EndGlobalSection
EndGlobal
